{
  "pins" : [
    {
      "identity" : "jack",
      "kind" : "remoteSourceControl",
      "location" : "https://github.com/jectivex/Jack.git",
      "state" : {
        "revision" : "7875441bfe8a9537a4f84014b78f180f558de604",
        "version" : "2.3.4"
      }
    },
    {
      "identity" : "jxkit",
      "kind" : "remoteSourceControl",
      "location" : "https://github.com/jectivex/JXKit.git",
      "state" : {
        "revision" : "c0c654e2ad0b6cabcf6efedc51d678bc8aa72f7d",
        "version" : "3.4.0"
      }
    },
    {
      "identity" : "sqlenclave",
      "kind" : "remoteSourceControl",
      "location" : "https://github.com/sqlenclave/SQLEnclave.git",
      "state" : {
        "revision" : "07afc3ed963e0b8a3a053a2ff7467f396803329b",
        "version" : "0.1.0"
      }
    },
    {
      "identity" : "swift-docc-plugin",
      "kind" : "remoteSourceControl",
      "location" : "https://github.com/apple/swift-docc-plugin",
      "state" : {
        "revision" : "3303b164430d9a7055ba484c8ead67a52f7b74f6",
        "version" : "1.0.0"
      }
    }
  ],
  "version" : 2
}
