{
  "pins" : [
    {
      "identity" : "jack",
      "kind" : "remoteSourceControl",
      "location" : "https://github.com/jectivex/Jack.git",
      "state" : {
        "revision" : "23ca01f3eae4ec7b7dedd18facc631fe2bfaea18",
        "version" : "2.3.2"
      }
    },
    {
      "identity" : "jxkit",
      "kind" : "remoteSourceControl",
      "location" : "https://github.com/jectivex/JXKit.git",
      "state" : {
        "revision" : "9880ed92586c082c6238db520c7422cba56f09d7",
        "version" : "3.2.3"
      }
    },
    {
      "identity" : "sqlenclave",
      "kind" : "remoteSourceControl",
      "location" : "https://github.com/sqlenclave/SQLEnclave.git",
      "state" : {
        "revision" : "bbd8bcc4c80a905388299015c043805b7b25b0c8",
        "version" : "0.0.5"
      }
    },
    {
      "identity" : "swift-docc-plugin",
      "kind" : "remoteSourceControl",
      "location" : "https://github.com/apple/swift-docc-plugin",
      "state" : {
        "revision" : "3303b164430d9a7055ba484c8ead67a52f7b74f6",
        "version" : "1.0.0"
      }
    }
  ],
  "version" : 2
}
